
Microsoft Visual Studio Solution File, Format Version 12.00
# Visual Studio Version 17
VisualStudioVersion = 17.8.34511.84
MinimumVisualStudioVersion = 10.0.40219.1
Project("{9A19103F-16F7-4668-BE54-9A1E7A4F7556}") = "XGBoostSharp", "src\XGBoostSharp\XGBoostSharp.csproj", "{A3238B69-8B3D-4BA1-803D-FAE8F008A149}"
EndProject
Project("{9A19103F-16F7-4668-BE54-9A1E7A4F7556}") = "XGBoostSharp.Test", "src\XGBoostSharp.Tests\XGBoostSharp.Test.csproj", "{5A580B11-A16B-4DA9-BC01-399EAB45A240}"
EndProject
Global
	GlobalSection(SolutionConfigurationPlatforms) = preSolution
		Debug|Any CPU = Debug|Any CPU
		Debug|x64 = Debug|x64
		Release|Any CPU = Release|Any CPU
		Release|x64 = Release|x64
	EndGlobalSection
	GlobalSection(ProjectConfigurationPlatforms) = postSolution
		{A3238B69-8B3D-4BA1-803D-FAE8F008A149}.Debug|Any CPU.ActiveCfg = Debug|Any CPU
		{A3238B69-8B3D-4BA1-803D-FAE8F008A149}.Debug|Any CPU.Build.0 = Debug|Any CPU
		{A3238B69-8B3D-4BA1-803D-FAE8F008A149}.Debug|x64.ActiveCfg = Debug|x64
		{A3238B69-8B3D-4BA1-803D-FAE8F008A149}.Debug|x64.Build.0 = Debug|x64
		{A3238B69-8B3D-4BA1-803D-FAE8F008A149}.Release|Any CPU.ActiveCfg = Release|Any CPU
		{A3238B69-8B3D-4BA1-803D-FAE8F008A149}.Release|Any CPU.Build.0 = Release|Any CPU
		{A3238B69-8B3D-4BA1-803D-FAE8F008A149}.Release|x64.ActiveCfg = Release|x64
		{A3238B69-8B3D-4BA1-803D-FAE8F008A149}.Release|x64.Build.0 = Release|x64
		{5A580B11-A16B-4DA9-BC01-399EAB45A240}.Debug|Any CPU.ActiveCfg = Debug|Any CPU
		{5A580B11-A16B-4DA9-BC01-399EAB45A240}.Debug|Any CPU.Build.0 = Debug|Any CPU
		{5A580B11-A16B-4DA9-BC01-399EAB45A240}.Debug|x64.ActiveCfg = Debug|x64
		{5A580B11-A16B-4DA9-BC01-399EAB45A240}.Debug|x64.Build.0 = Debug|x64
		{5A580B11-A16B-4DA9-BC01-399EAB45A240}.Release|Any CPU.ActiveCfg = Release|Any CPU
		{5A580B11-A16B-4DA9-BC01-399EAB45A240}.Release|Any CPU.Build.0 = Release|Any CPU
		{5A580B11-A16B-4DA9-BC01-399EAB45A240}.Release|x64.ActiveCfg = Release|x64
		{5A580B11-A16B-4DA9-BC01-399EAB45A240}.Release|x64.Build.0 = Release|x64
	EndGlobalSection
	GlobalSection(SolutionProperties) = preSolution
		HideSolutionNode = FALSE
	EndGlobalSection
	GlobalSection(ExtensibilityGlobals) = postSolution
		SolutionGuid = {56DC450A-EAD0-4184-AA79-0EC5BE6D19AC}
	EndGlobalSection
EndGlobal
